
Microsoft Visual Studio Solution File, Format Version 12.00
# Visual Studio Version 16
VisualStudioVersion = 16.0.29728.190
MinimumVisualStudioVersion = 10.0.40219.1
Project("{FAE04EC0-301F-11D3-BF4B-00C04F79EFBC}") = "JogoDeXadrez", "JogoDeXadrez\JogoDeXadrez.csproj", "{65D0AC32-7509-423D-B83F-C5F7AA636042}"
EndProject
Global
	GlobalSection(SolutionConfigurationPlatforms) = preSolution
		Debug|Any CPU = Debug|Any CPU
		Release|Any CPU = Release|Any CPU
	EndGlobalSection
	GlobalSection(ProjectConfigurationPlatforms) = postSolution
		{65D0AC32-7509-423D-B83F-C5F7AA636042}.Debug|Any CPU.ActiveCfg = Debug|Any CPU
		{65D0AC32-7509-423D-B83F-C5F7AA636042}.Debug|Any CPU.Build.0 = Debug|Any CPU
		{65D0AC32-7509-423D-B83F-C5F7AA636042}.Release|Any CPU.ActiveCfg = Release|Any CPU
		{65D0AC32-7509-423D-B83F-C5F7AA636042}.Release|Any CPU.Build.0 = Release|Any CPU
	EndGlobalSection
	GlobalSection(SolutionProperties) = preSolution
		HideSolutionNode = FALSE
	EndGlobalSection
	GlobalSection(ExtensibilityGlobals) = postSolution
		SolutionGuid = {DAD75EA1-EA73-4CB8-987E-F3452F388D60}
	EndGlobalSection
EndGlobal
